
Microsoft Visual Studio Solution File, Format Version 12.00
# Visual Studio 15
VisualStudioVersion = 15.0.27004.2002
MinimumVisualStudioVersion = 10.0.40219.1
Project("{FAE04EC0-301F-11D3-BF4B-00C04F79EFBC}") = "IO_Lab3_p1", "IO_Lab3_zad1\IO_Lab3_p1.csproj", "{68B3FE2F-394B-4744-A934-FABB58296608}"
EndProject
Project("{FAE04EC0-301F-11D3-BF4B-00C04F79EFBC}") = "IO_Lab3_zad", "IO_Lab3_zad\IO_Lab3_zad.csproj", "{998E2F7F-A7C8-45C2-9262-30D618F9FA10}"
EndProject
Global
	GlobalSection(SolutionConfigurationPlatforms) = preSolution
		Debug|Any CPU = Debug|Any CPU
		Release|Any CPU = Release|Any CPU
	EndGlobalSection
	GlobalSection(ProjectConfigurationPlatforms) = postSolution
		{68B3FE2F-394B-4744-A934-FABB58296608}.Debug|Any CPU.ActiveCfg = Debug|Any CPU
		{68B3FE2F-394B-4744-A934-FABB58296608}.Debug|Any CPU.Build.0 = Debug|Any CPU
		{68B3FE2F-394B-4744-A934-FABB58296608}.Release|Any CPU.ActiveCfg = Release|Any CPU
		{68B3FE2F-394B-4744-A934-FABB58296608}.Release|Any CPU.Build.0 = Release|Any CPU
		{998E2F7F-A7C8-45C2-9262-30D618F9FA10}.Debug|Any CPU.ActiveCfg = Debug|Any CPU
		{998E2F7F-A7C8-45C2-9262-30D618F9FA10}.Debug|Any CPU.Build.0 = Debug|Any CPU
		{998E2F7F-A7C8-45C2-9262-30D618F9FA10}.Release|Any CPU.ActiveCfg = Release|Any CPU
		{998E2F7F-A7C8-45C2-9262-30D618F9FA10}.Release|Any CPU.Build.0 = Release|Any CPU
	EndGlobalSection
	GlobalSection(SolutionProperties) = preSolution
		HideSolutionNode = FALSE
	EndGlobalSection
	GlobalSection(ExtensibilityGlobals) = postSolution
		SolutionGuid = {1F1E5E76-E440-47E9-A324-B0E22CF98946}
	EndGlobalSection
EndGlobal
